
Microsoft Visual Studio Solution File, Format Version 12.00
# Visual Studio 15
VisualStudioVersion = 15.0.28010.2046
MinimumVisualStudioVersion = 10.0.40219.1
Project("{FAE04EC0-301F-11D3-BF4B-00C04F79EFBC}") = "AllanNovalta.Alpha.Web", "AllanNovalta.Alpha.Web\AllanNovalta.Alpha.Web.csproj", "{191BBB74-8FF5-457F-A06B-86ABC677AA60}"
EndProject
Global
	GlobalSection(SolutionConfigurationPlatforms) = preSolution
		Debug|Any CPU = Debug|Any CPU
		Release|Any CPU = Release|Any CPU
	EndGlobalSection
	GlobalSection(ProjectConfigurationPlatforms) = postSolution
		{191BBB74-8FF5-457F-A06B-86ABC677AA60}.Debug|Any CPU.ActiveCfg = Debug|Any CPU
		{191BBB74-8FF5-457F-A06B-86ABC677AA60}.Debug|Any CPU.Build.0 = Debug|Any CPU
		{191BBB74-8FF5-457F-A06B-86ABC677AA60}.Release|Any CPU.ActiveCfg = Release|Any CPU
		{191BBB74-8FF5-457F-A06B-86ABC677AA60}.Release|Any CPU.Build.0 = Release|Any CPU
	EndGlobalSection
	GlobalSection(SolutionProperties) = preSolution
		HideSolutionNode = FALSE
	EndGlobalSection
	GlobalSection(ExtensibilityGlobals) = postSolution
		SolutionGuid = {101A520E-263A-4C33-A9D5-747A7E75DC3A}
	EndGlobalSection
EndGlobal
